
Microsoft Visual Studio Solution File, Format Version 12.00
# Visual Studio 15
VisualStudioVersion = 15.0.28307.1525
MinimumVisualStudioVersion = 10.0.40219.1
Project("{8BC9CEB8-8B4A-11D0-8D11-00A0C91BC942}") = "MonthlyExpensesTracker", "MonthlyExpensesTracker\MonthlyExpensesTracker.vcxproj", "{8C56C1D1-5772-4239-8262-53D5E21404C5}"
EndProject
Global
	GlobalSection(SolutionConfigurationPlatforms) = preSolution
		Debug|x64 = Debug|x64
		Debug|x86 = Debug|x86
		Release|x64 = Release|x64
		Release|x86 = Release|x86
	EndGlobalSection
	GlobalSection(ProjectConfigurationPlatforms) = postSolution
		{8C56C1D1-5772-4239-8262-53D5E21404C5}.Debug|x64.ActiveCfg = Debug|x64
		{8C56C1D1-5772-4239-8262-53D5E21404C5}.Debug|x64.Build.0 = Debug|x64
		{8C56C1D1-5772-4239-8262-53D5E21404C5}.Debug|x86.ActiveCfg = Debug|Win32
		{8C56C1D1-5772-4239-8262-53D5E21404C5}.Debug|x86.Build.0 = Debug|Win32
		{8C56C1D1-5772-4239-8262-53D5E21404C5}.Release|x64.ActiveCfg = Release|x64
		{8C56C1D1-5772-4239-8262-53D5E21404C5}.Release|x64.Build.0 = Release|x64
		{8C56C1D1-5772-4239-8262-53D5E21404C5}.Release|x86.ActiveCfg = Release|Win32
		{8C56C1D1-5772-4239-8262-53D5E21404C5}.Release|x86.Build.0 = Release|Win32
	EndGlobalSection
	GlobalSection(SolutionProperties) = preSolution
		HideSolutionNode = FALSE
	EndGlobalSection
	GlobalSection(ExtensibilityGlobals) = postSolution
		SolutionGuid = {71E38541-EB19-48D2-8142-EA9601B2CE84}
	EndGlobalSection
EndGlobal
